
Microsoft Visual Studio Solution File, Format Version 11.00
# Visual Studio 2010
Project("{159641D6-6404-4A2A-AE62-294DE0FE8301}") = "IclossDataExtract", "IclossDataExtract\IclossDataExtract.dtproj", "{D8D05F1A-2C04-4EA4-AD8B-C9AABF04C717}"
EndProject
Global
	GlobalSection(SolutionConfigurationPlatforms) = preSolution
		Development|Default = Development|Default
	EndGlobalSection
	GlobalSection(ProjectConfigurationPlatforms) = postSolution
		{D8D05F1A-2C04-4EA4-AD8B-C9AABF04C717}.Development|Default.ActiveCfg = Development
		{D8D05F1A-2C04-4EA4-AD8B-C9AABF04C717}.Development|Default.Build.0 = Development
	EndGlobalSection
	GlobalSection(SolutionProperties) = preSolution
		HideSolutionNode = FALSE
	EndGlobalSection
EndGlobal
